// !$*UTF8*$!
{
	archiveVersion = 1;
	classes = {
	};
	objectVersion = 50;
	objects = {

/* Begin PBXBuildFile section */
		E27EDC2C23ABBF7D0098E945 /* AppDelegate.swift in Sources */ = {isa = PBXBuildFile; fileRef = E27EDC2B23ABBF7D0098E945 /* AppDelegate.swift */; };
		E27EDC2E23ABBF7D0098E945 /* SceneDelegate.swift in Sources */ = {isa = PBXBuildFile; fileRef = E27EDC2D23ABBF7D0098E945 /* SceneDelegate.swift */; };
		E27EDC3023ABBF7D0098E945 /* ContentView.swift in Sources */ = {isa = PBXBuildFile; fileRef = E27EDC2F23ABBF7D0098E945 /* ContentView.swift */; };
		E27EDC3223ABBF7D0098E945 /* Assets.xcassets in Resources */ = {isa = PBXBuildFile; fileRef = E27EDC3123ABBF7D0098E945 /* Assets.xcassets */; };
		E27EDC3523ABBF7D0098E945 /* Preview Assets.xcassets in Resources */ = {isa = PBXBuildFile; fileRef = E27EDC3423ABBF7D0098E945 /* Preview Assets.xcassets */; };
		E27EDC3823ABBF7D0098E945 /* LaunchScreen.storyboard in Resources */ = {isa = PBXBuildFile; fileRef = E27EDC3623ABBF7D0098E945 /* LaunchScreen.storyboard */; };
		E27EDC4023ABD15A0098E945 /* Order.swift in Sources */ = {isa = PBXBuildFile; fileRef = E27EDC3F23ABD15A0098E945 /* Order.swift */; };
		E27EDC4223ABDAF30098E945 /* AddressView.swift in Sources */ = {isa = PBXBuildFile; fileRef = E27EDC4123ABDAF30098E945 /* AddressView.swift */; };
		E27EDC4423ABDC590098E945 /* CheckoutView.swift in Sources */ = {isa = PBXBuildFile; fileRef = E27EDC4323ABDC590098E945 /* CheckoutView.swift */; };
		E28D66EF23AD4FE9006D3F8E /* String+Utils.swift in Sources */ = {isa = PBXBuildFile; fileRef = E28D66EE23AD4FE9006D3F8E /* String+Utils.swift */; };
/* End PBXBuildFile section */

/* Begin PBXFileReference section */
		E27EDC2823ABBF7D0098E945 /* CupcakeCorner.app */ = {isa = PBXFileReference; explicitFileType = wrapper.application; includeInIndex = 0; path = CupcakeCorner.app; sourceTree = BUILT_PRODUCTS_DIR; };
		E27EDC2B23ABBF7D0098E945 /* AppDelegate.swift */ = {isa = PBXFileReference; lastKnownFileType = sourcecode.swift; path = AppDelegate.swift; sourceTree = "<group>"; };
		E27EDC2D23ABBF7D0098E945 /* SceneDelegate.swift */ = {isa = PBXFileReference; lastKnownFileType = sourcecode.swift; path = SceneDelegate.swift; sourceTree = "<group>"; };
		E27EDC2F23ABBF7D0098E945 /* ContentView.swift */ = {isa = PBXFileReference; lastKnownFileType = sourcecode.swift; path = ContentView.swift; sourceTree = "<group>"; };
		E27EDC3123ABBF7D0098E945 /* Assets.xcassets */ = {isa = PBXFileReference; lastKnownFileType = folder.assetcatalog; path = Assets.xcassets; sourceTree = "<group>"; };
		E27EDC3423ABBF7D0098E945 /* Preview Assets.xcassets */ = {isa = PBXFileReference; lastKnownFileType = folder.assetcatalog; path = "Preview Assets.xcassets"; sourceTree = "<group>"; };
		E27EDC3723ABBF7D0098E945 /* Base */ = {isa = PBXFileReference; lastKnownFileType = file.storyboard; name = Base; path = Base.lproj/LaunchScreen.storyboard; sourceTree = "<group>"; };
		E27EDC3923ABBF7D0098E945 /* Info.plist */ = {isa = PBXFileReference; lastKnownFileType = text.plist.xml; path = Info.plist; sourceTree = "<group>"; };
		E27EDC3F23ABD15A0098E945 /* Order.swift */ = {isa = PBXFileReference; lastKnownFileType = sourcecode.swift; path = Order.swift; sourceTree = "<group>"; };
		E27EDC4123ABDAF30098E945 /* AddressView.swift */ = {isa = PBXFileReference; lastKnownFileType = sourcecode.swift; path = AddressView.swift; sourceTree = "<group>"; };
		E27EDC4323ABDC590098E945 /* CheckoutView.swift */ = {isa = PBXFileReference; lastKnownFileType = sourcecode.swift; path = CheckoutView.swift; sourceTree = "<group>"; };
		E28D66EE23AD4FE9006D3F8E /* String+Utils.swift */ = {isa = PBXFileReference; lastKnownFileType = sourcecode.swift; path = "String+Utils.swift"; sourceTree = "<group>"; };
/* End PBXFileReference section */

/* Begin PBXFrameworksBuildPhase section */
		E27EDC2523ABBF7D0098E945 /* Frameworks */ = {
			isa = PBXFrameworksBuildPhase;
			buildActionMask = 2147483647;
			files = (
			);
			runOnlyForDeploymentPostprocessing = 0;
		};
/* End PBXFrameworksBuildPhase section */

/* Begin PBXGroup section */
		E27EDC1F23ABBF7D0098E945 = {
			isa = PBXGroup;
			children = (
				E27EDC2A23ABBF7D0098E945 /* CupcakeCorner */,
				E27EDC2923ABBF7D0098E945 /* Products */,
			);
			sourceTree = "<group>";
		};
		E27EDC2923ABBF7D0098E945 /* Products */ = {
			isa = PBXGroup;
			children = (
				E27EDC2823ABBF7D0098E945 /* CupcakeCorner.app */,
			);
			name = Products;
			sourceTree = "<group>";
		};
		E27EDC2A23ABBF7D0098E945 /* CupcakeCorner */ = {
			isa = PBXGroup;
			children = (
				E27EDC2B23ABBF7D0098E945 /* AppDelegate.swift */,
				E27EDC2D23ABBF7D0098E945 /* SceneDelegate.swift */,
				E27EDC2F23ABBF7D0098E945 /* ContentView.swift */,
				E27EDC4123ABDAF30098E945 /* AddressView.swift */,
				E27EDC4323ABDC590098E945 /* CheckoutView.swift */,
				E27EDC3F23ABD15A0098E945 /* Order.swift */,
				E27EDC3123ABBF7D0098E945 /* Assets.xcassets */,
				E27EDC3623ABBF7D0098E945 /* LaunchScreen.storyboard */,
				E27EDC3923ABBF7D0098E945 /* Info.plist */,
				E27EDC3323ABBF7D0098E945 /* Preview Content */,
				E28D66EE23AD4FE9006D3F8E /* String+Utils.swift */,
			);
			path = CupcakeCorner;
			sourceTree = "<group>";
		};
		E27EDC3323ABBF7D0098E945 /* Preview Content */ = {
			isa = PBXGroup;
			children = (
				E27EDC3423ABBF7D0098E945 /* Preview Assets.xcassets */,
			);
			path = "Preview Content";
			sourceTree = "<group>";
		};
/* End PBXGroup section */

/* Begin PBXNativeTarget section */
		E27EDC2723ABBF7D0098E945 /* CupcakeCorner */ = {
			isa = PBXNativeTarget;
			buildConfigurationList = E27EDC3C23ABBF7D0098E945 /* Build configuration list for PBXNativeTarget "CupcakeCorner" */;
			buildPhases = (
				E27EDC2423ABBF7D0098E945 /* Sources */,
				E27EDC2523ABBF7D0098E945 /* Frameworks */,
				E27EDC2623ABBF7D0098E945 /* Resources */,
			);
			buildRules = (
			);
			dependencies = (
			);
			name = CupcakeCorner;
			productName = CupcakeCorner;
			productReference = E27EDC2823ABBF7D0098E945 /* CupcakeCorner.app */;
			productType = "com.apple.product-type.application";
		};
/* End PBXNativeTarget section */

/* Begin PBXProject section */
		E27EDC2023ABBF7D0098E945 /* Project object */ = {
			isa = PBXProject;
			attributes = {
				LastSwiftUpdateCheck = 1130;
				LastUpgradeCheck = 1130;
				ORGANIZATIONNAME = "Matthew Mohrman";
				TargetAttributes = {
					E27EDC2723ABBF7D0098E945 = {
						CreatedOnToolsVersion = 11.3;
					};
				};
			};
			buildConfigurationList = E27EDC2323ABBF7D0098E945 /* Build configuration list for PBXProject "CupcakeCorner" */;
			compatibilityVersion = "Xcode 9.3";
			developmentRegion = en;
			hasScannedForEncodings = 0;
			knownRegions = (
				en,
				Base,
			);
			mainGroup = E27EDC1F23ABBF7D0098E945;
			productRefGroup = E27EDC2923ABBF7D0098E945 /* Products */;
			projectDirPath = "";
			projectRoot = "";
			targets = (
				E27EDC2723ABBF7D0098E945 /* CupcakeCorner */,
			);
		};
/* End PBXProject section */

/* Begin PBXResourcesBuildPhase section */
		E27EDC2623ABBF7D0098E945 /* Resources */ = {
			isa = PBXResourcesBuildPhase;
			buildActionMask = 2147483647;
			files = (
				E27EDC3823ABBF7D0098E945 /* LaunchScreen.storyboard in Resources */,
				E27EDC3523ABBF7D0098E945 /* Preview Assets.xcassets in Resources */,
				E27EDC3223ABBF7D0098E945 /* Assets.xcassets in Resources */,
			);
			runOnlyForDeploymentPostprocessing = 0;
		};
/* End PBXResourcesBuildPhase section */

/* Begin PBXSourcesBuildPhase section */
		E27EDC2423ABBF7D0098E945 /* Sources */ = {
			isa = PBXSourcesBuildPhase;
			buildActionMask = 2147483647;
			files = (
				E27EDC2C23ABBF7D0098E945 /* AppDelegate.swift in Sources */,
				E27EDC2E23ABBF7D0098E945 /* SceneDelegate.swift in Sources */,
				E27EDC4423ABDC590098E945 /* CheckoutView.swift in Sources */,
				E27EDC4023ABD15A0098E945 /* Order.swift in Sources */,
				E27EDC3023ABBF7D0098E945 /* ContentView.swift in Sources */,
				E28D66EF23AD4FE9006D3F8E /* String+Utils.swift in Sources */,
				E27EDC4223ABDAF30098E945 /* AddressView.swift in Sources */,
			);
			runOnlyForDeploymentPostprocessing = 0;
		};
/* End PBXSourcesBuildPhase section */

/* Begin PBXVariantGroup section */
		E27EDC3623ABBF7D0098E945 /* LaunchScreen.storyboard */ = {
			isa = PBXVariantGroup;
			children = (
				E27EDC3723ABBF7D0098E945 /* Base */,
			);
			name = LaunchScreen.storyboard;
			sourceTree = "<group>";
		};
/* End PBXVariantGroup section */

/* Begin XCBuildConfiguration section */
		E27EDC3A23ABBF7D0098E945 /* Debug */ = {
			isa = XCBuildConfiguration;
			buildSettings = {
				ALWAYS_SEARCH_USER_PATHS = NO;
				CLANG_ANALYZER_NONNULL = YES;
				CLANG_ANALYZER_NUMBER_OBJECT_CONVERSION = YES_AGGRESSIVE;
				CLANG_CXX_LANGUAGE_STANDARD = "gnu++14";
				CLANG_CXX_LIBRARY = "libc++";
				CLANG_ENABLE_MODULES = YES;
				CLANG_ENABLE_OBJC_ARC = YES;
				CLANG_ENABLE_OBJC_WEAK = YES;
				CLANG_WARN_BLOCK_CAPTURE_AUTORELEASING = YES;
				CLANG_WARN_BOOL_CONVERSION = YES;
				CLANG_WARN_COMMA = YES;
				CLANG_WARN_CONSTANT_CONVERSION = YES;
				CLANG_WARN_DEPRECATED_OBJC_IMPLEMENTATIONS = YES;
				CLANG_WARN_DIRECT_OBJC_ISA_USAGE = YES_ERROR;
				CLANG_WARN_DOCUMENTATION_COMMENTS = YES;
				CLANG_WARN_EMPTY_BODY = YES;
				CLANG_WARN_ENUM_CONVERSION = YES;
				CLANG_WARN_INFINITE_RECURSION = YES;
				CLANG_WARN_INT_CONVERSION = YES;
				CLANG_WARN_NON_LITERAL_NULL_CONVERSION = YES;
				CLANG_WARN_OBJC_IMPLICIT_RETAIN_SELF = YES;
				CLANG_WARN_OBJC_LITERAL_CONVERSION = YES;
				CLANG_WARN_OBJC_ROOT_CLASS = YES_ERROR;
				CLANG_WARN_RANGE_LOOP_ANALYSIS = YES;
				CLANG_WARN_STRICT_PROTOTYPES = YES;
				CLANG_WARN_SUSPICIOUS_MOVE = YES;
				CLANG_WARN_UNGUARDED_AVAILABILITY = YES_AGGRESSIVE;
				CLANG_WARN_UNREACHABLE_CODE = YES;
				CLANG_WARN__DUPLICATE_METHOD_MATCH = YES;
				COPY_PHASE_STRIP = NO;
				DEBUG_INFORMATION_FORMAT = dwarf;
				ENABLE_STRICT_OBJC_MSGSEND = YES;
				ENABLE_TESTABILITY = YES;
				GCC_C_LANGUAGE_STANDARD = gnu11;
				GCC_DYNAMIC_NO_PIC = NO;
				GCC_NO_COMMON_BLOCKS = YES;
				GCC_OPTIMIZATION_LEVEL = 0;
				GCC_PREPROCESSOR_DEFINITIONS = (
					"DEBUG=1",
					"$(inherited)",
				);
				GCC_WARN_64_TO_32_BIT_CONVERSION = YES;
				GCC_WARN_ABOUT_RETURN_TYPE = YES_ERROR;
				GCC_WARN_UNDECLARED_SELECTOR = YES;
				GCC_WARN_UNINITIALIZED_AUTOS = YES_AGGRESSIVE;
				GCC_WARN_UNUSED_FUNCTION = YES;
				GCC_WARN_UNUSED_VARIABLE = YES;
				IPHONEOS_DEPLOYMENT_TARGET = 13.2;
				MTL_ENABLE_DEBUG_INFO = INCLUDE_SOURCE;
				MTL_FAST_MATH = YES;
				ONLY_ACTIVE_ARCH = YES;
				SDKROOT = iphoneos;
				SWIFT_ACTIVE_COMPILATION_CONDITIONS = DEBUG;
				SWIFT_OPTIMIZATION_LEVEL = "-Onone";
			};
			name = Debug;
		};
		E27EDC3B23ABBF7D0098E945 /* Release */ = {
			isa = XCBuildConfiguration;
			buildSettings = {
				ALWAYS_SEARCH_USER_PATHS = NO;
				CLANG_ANALYZER_NONNULL = YES;
				CLANG_ANALYZER_NUMBER_OBJECT_CONVERSION = YES_AGGRESSIVE;
				CLANG_CXX_LANGUAGE_STANDARD = "gnu++14";
				CLANG_CXX_LIBRARY = "libc++";
				CLANG_ENABLE_MODULES = YES;
				CLANG_ENABLE_OBJC_ARC = YES;
				CLANG_ENABLE_OBJC_WEAK = YES;
				CLANG_WARN_BLOCK_CAPTURE_AUTORELEASING = YES;
				CLANG_WARN_BOOL_CONVERSION = YES;
				CLANG_WARN_COMMA = YES;
				CLANG_WARN_CONSTANT_CONVERSION = YES;
				CLANG_WARN_DEPRECATED_OBJC_IMPLEMENTATIONS = YES;
				CLANG_WARN_DIRECT_OBJC_ISA_USAGE = YES_ERROR;
				CLANG_WARN_DOCUMENTATION_COMMENTS = YES;
				CLANG_WARN_EMPTY_BODY = YES;
				CLANG_WARN_ENUM_CONVERSION = YES;
				CLANG_WARN_INFINITE_RECURSION = YES;
				CLANG_WARN_INT_CONVERSION = YES;
				CLANG_WARN_NON_LITERAL_NULL_CONVERSION = YES;
				CLANG_WARN_OBJC_IMPLICIT_RETAIN_SELF = YES;
				CLANG_WARN_OBJC_LITERAL_CONVERSION = YES;
				CLANG_WARN_OBJC_ROOT_CLASS = YES_ERROR;
				CLANG_WARN_RANGE_LOOP_ANALYSIS = YES;
				CLANG_WARN_STRICT_PROTOTYPES = YES;
				CLANG_WARN_SUSPICIOUS_MOVE = YES;
				CLANG_WARN_UNGUARDED_AVAILABILITY = YES_AGGRESSIVE;
				CLANG_WARN_UNREACHABLE_CODE = YES;
				CLANG_WARN__DUPLICATE_METHOD_MATCH = YES;
				COPY_PHASE_STRIP = NO;
				DEBUG_INFORMATION_FORMAT = "dwarf-with-dsym";
				ENABLE_NS_ASSERTIONS = NO;
				ENABLE_STRICT_OBJC_MSGSEND = YES;
				GCC_C_LANGUAGE_STANDARD = gnu11;
				GCC_NO_COMMON_BLOCKS = YES;
				GCC_WARN_64_TO_32_BIT_CONVERSION = YES;
				GCC_WARN_ABOUT_RETURN_TYPE = YES_ERROR;
				GCC_WARN_UNDECLARED_SELECTOR = YES;
				GCC_WARN_UNINITIALIZED_AUTOS = YES_AGGRESSIVE;
				GCC_WARN_UNUSED_FUNCTION = YES;
				GCC_WARN_UNUSED_VARIABLE = YES;
				IPHONEOS_DEPLOYMENT_TARGET = 13.2;
				MTL_ENABLE_DEBUG_INFO = NO;
				MTL_FAST_MATH = YES;
				SDKROOT = iphoneos;
				SWIFT_COMPILATION_MODE = wholemodule;
				SWIFT_OPTIMIZATION_LEVEL = "-O";
				VALIDATE_PRODUCT = YES;
			};
			name = Release;
		};
		E27EDC3D23ABBF7D0098E945 /* Debug */ = {
			isa = XCBuildConfiguration;
			buildSettings = {
				ASSETCATALOG_COMPILER_APPICON_NAME = AppIcon;
				CODE_SIGN_IDENTITY = "Apple Development";
				CODE_SIGN_STYLE = Automatic;
				DEVELOPMENT_ASSET_PATHS = "\"CupcakeCorner/Preview Content\"";
				DEVELOPMENT_TEAM = MV4AX5D8PL;
				ENABLE_PREVIEWS = YES;
				INFOPLIST_FILE = CupcakeCorner/Info.plist;
				LD_RUNPATH_SEARCH_PATHS = (
					"$(inherited)",
					"@executable_path/Frameworks",
				);
				PRODUCT_BUNDLE_IDENTIFIER = me.mohrman.matthew.CupcakeCorner;
				PRODUCT_NAME = "$(TARGET_NAME)";
				PROVISIONING_PROFILE_SPECIFIER = "";
				SWIFT_VERSION = 5.0;
				TARGETED_DEVICE_FAMILY = "1,2";
			};
			name = Debug;
		};
		E27EDC3E23ABBF7D0098E945 /* Release */ = {
			isa = XCBuildConfiguration;
			buildSettings = {
				ASSETCATALOG_COMPILER_APPICON_NAME = AppIcon;
				CODE_SIGN_IDENTITY = "Apple Development";
				CODE_SIGN_STYLE = Automatic;
				DEVELOPMENT_ASSET_PATHS = "\"CupcakeCorner/Preview Content\"";
				DEVELOPMENT_TEAM = MV4AX5D8PL;
				ENABLE_PREVIEWS = YES;
				INFOPLIST_FILE = CupcakeCorner/Info.plist;
				LD_RUNPATH_SEARCH_PATHS = (
					"$(inherited)",
					"@executable_path/Frameworks",
				);
				PRODUCT_BUNDLE_IDENTIFIER = me.mohrman.matthew.CupcakeCorner;
				PRODUCT_NAME = "$(TARGET_NAME)";
				PROVISIONING_PROFILE_SPECIFIER = "";
				SWIFT_VERSION = 5.0;
				TARGETED_DEVICE_FAMILY = "1,2";
			};
			name = Release;
		};
/* End XCBuildConfiguration section */

/* Begin XCConfigurationList section */
		E27EDC2323ABBF7D0098E945 /* Build configuration list for PBXProject "CupcakeCorner" */ = {
			isa = XCConfigurationList;
			buildConfigurations = (
				E27EDC3A23ABBF7D0098E945 /* Debug */,
				E27EDC3B23ABBF7D0098E945 /* Release */,
			);
			defaultConfigurationIsVisible = 0;
			defaultConfigurationName = Release;
		};
		E27EDC3C23ABBF7D0098E945 /* Build configuration list for PBXNativeTarget "CupcakeCorner" */ = {
			isa = XCConfigurationList;
			buildConfigurations = (
				E27EDC3D23ABBF7D0098E945 /* Debug */,
				E27EDC3E23ABBF7D0098E945 /* Release */,
			);
			defaultConfigurationIsVisible = 0;
			defaultConfigurationName = Release;
		};
/* End XCConfigurationList section */
	};
	rootObject = E27EDC2023ABBF7D0098E945 /* Project object */;
}
